{
    "_readme": [
        "This file locks the dependencies of your project to a known state",
        "Read more about it at https://getcomposer.org/doc/01-basic-usage.md#installing-dependencies",
        "This file is @generated automatically"
    ],
    "content-hash": "a9f7a71a491463b41d10c3e3d275c7c6",
    "packages": [
        {
            "name": "jetwitaussi/pht",
            "version": "3.15",
            "source": {
                "type": "git",
                "url": "https://github.com/jetwitaussi/PHT.git",
                "reference": "75b09e8ccaf3d013bdab65c09ab068944741f148"
            },
            "dist": {
                "type": "zip",
                "url": "https://api.github.com/repos/jetwitaussi/PHT/zipball/75b09e8ccaf3d013bdab65c09ab068944741f148",
                "reference": "75b09e8ccaf3d013bdab65c09ab068944741f148",
                "shasum": ""
            },
            "require": {
                "ext-curl": "*",
                "ext-dom": "*",
                "ext-libxml": "*",
                "ext-pcre": "*",
                "ext-reflection": "*",
                "ext-xml": "*",
                "php": ">=5.3"
            },
            "type": "library",
            "autoload": {
                "psr-4": {
                    "PHT\\": "PHT"
                }
            },
            "notification-url": "https://packagist.org/downloads/",
            "license": [
                "Beerware"
            ],
            "description": "PHP Framework for CHPP applications related to Hattrick website",
            "homepage": "https://github.com/jetwitaussi/PHT",
            "support": {
                "issues": "https://github.com/jetwitaussi/PHT/issues",
                "source": "https://github.com/jetwitaussi/PHT/tree/3.15"
            },
            "time": "2025-02-27T20:06:30+00:00"
        }
    ],
    "packages-dev": [
        {
            "name": "php-cs-fixer/shim",
            "version": "v3.94.2",
            "source": {
                "type": "git",
                "url": "https://github.com/PHP-CS-Fixer/shim.git",
                "reference": "80fd29f44a736136a2f05bae5464816a444b91d1"
            },
            "dist": {
                "type": "zip",
                "url": "https://api.github.com/repos/PHP-CS-Fixer/shim/zipball/80fd29f44a736136a2f05bae5464816a444b91d1",
                "reference": "80fd29f44a736136a2f05bae5464816a444b91d1",
                "shasum": ""
            },
            "require": {
                "ext-json": "*",
                "ext-tokenizer": "*",
                "php": "^7.4 || ^8.0"
            },
            "replace": {
                "friendsofphp/php-cs-fixer": "self.version"
            },
            "suggest": {
                "ext-dom": "For handling output formats in XML",
                "ext-mbstring": "For handling non-UTF8 characters."
            },
            "bin": [
                "php-cs-fixer",
                "php-cs-fixer.phar"
            ],
            "type": "application",
            "notification-url": "https://packagist.org/downloads/",
            "license": [
                "MIT"
            ],
            "authors": [
                {
                    "name": "Fabien Potencier",
                    "email": "fabien@symfony.com"
                },
                {
                    "name": "Dariusz Rumiński",
                    "email": "dariusz.ruminski@gmail.com"
                }
            ],
            "description": "A tool to automatically fix PHP code style",
            "support": {
                "issues": "https://github.com/PHP-CS-Fixer/shim/issues",
                "source": "https://github.com/PHP-CS-Fixer/shim/tree/v3.94.2"
            },
            "time": "2026-02-20T16:14:17+00:00"
        }
    ],
    "aliases": [],
    "minimum-stability": "stable",
    "stability-flags": {},
    "prefer-stable": false,
    "prefer-lowest": false,
    "platform": {},
    "platform-dev": {},
    "plugin-api-version": "2.9.0"
}
